
Microsoft Visual Studio Solution File, Format Version 12.00
# Visual Studio Version 16
VisualStudioVersion = 16.0.29409.12
MinimumVisualStudioVersion = 10.0.40219.1
Project("{FAE04EC0-301F-11D3-BF4B-00C04F79EFBC}") = "ImageResizing", "ImageResizing\ImageResizing.csproj", "{0E9732F9-6F3F-44D4-9CAA-6B4F23344EEB}"
EndProject
Global
	GlobalSection(SolutionConfigurationPlatforms) = preSolution
		Debug|Any CPU = Debug|Any CPU
		Release|Any CPU = Release|Any CPU
	EndGlobalSection
	GlobalSection(ProjectConfigurationPlatforms) = postSolution
		{0E9732F9-6F3F-44D4-9CAA-6B4F23344EEB}.Debug|Any CPU.ActiveCfg = Debug|Any CPU
		{0E9732F9-6F3F-44D4-9CAA-6B4F23344EEB}.Debug|Any CPU.Build.0 = Debug|Any CPU
		{0E9732F9-6F3F-44D4-9CAA-6B4F23344EEB}.Release|Any CPU.ActiveCfg = Release|Any CPU
		{0E9732F9-6F3F-44D4-9CAA-6B4F23344EEB}.Release|Any CPU.Build.0 = Release|Any CPU
	EndGlobalSection
	GlobalSection(SolutionProperties) = preSolution
		HideSolutionNode = FALSE
	EndGlobalSection
	GlobalSection(ExtensibilityGlobals) = postSolution
		SolutionGuid = {273E6814-D93B-4206-9375-BFFC09417035}
	EndGlobalSection
EndGlobal
